{
  "version": "5",
  "redirects": {
    "https://esm.sh/@supabase/supabase-js@2": "https://esm.sh/@supabase/supabase-js@2.110.0"
  },
  "remote": {
    "https://esm.sh/@supabase/supabase-js@2.110.0": "b99c0ce7729f9de7797f836b93ab9ec94f1cfe079b4f937fa4144fe13525e979"
  },
  "workspace": {
    "packageJson": {
      "dependencies": [
        "npm:@supabase/supabase-js@^2.110.0",
        "npm:@types/node@^26.1.0",
        "npm:axe-core@^4.12.1",
        "npm:jsdom@^29.1.1",
        "npm:typescript@~6.0.2",
        "npm:vite@^8.1.0",
        "npm:vitest@^4.1.9"
      ]
    }
  }
}
